PODS:
  - AWSAuthCore (2.12.7):
    - AWSCore (= 2.12.7)
  - AWSAuthUI (2.12.7):
    - AWSAuthCore (= 2.12.7)
    - AWSCore (= 2.12.7)
  - AWSCognitoIdentityProvider (2.12.7):
    - AWSCognitoIdentityProviderASF (= 1.0.1)
    - AWSCore (= 2.12.7)
  - AWSCognitoIdentityProviderASF (1.0.1)
  - AWSCore (2.12.7)
  - AWSFacebookSignIn (2.12.7):
    - AWSAuthCore (= 2.12.7)
    - FBSDKCoreKit (= 5.8)
    - FBSDKLoginKit (= 5.8)
  - AWSMobileClient (2.12.7):
    - AWSAuthCore (= 2.12.7)
    - AWSCognitoIdentityProvider (= 2.12.7)
  - AWSUserPoolsSignIn (2.12.7):
    - AWSAuthCore (= 2.12.7)
    - AWSCognitoIdentityProvider (= 2.12.7)
  - FBSDKCoreKit (5.8.0):
    - FBSDKCoreKit/Basics (= 5.8.0)
    - FBSDKCoreKit/Core (= 5.8.0)
  - FBSDKCoreKit/Basics (5.8.0)
  - FBSDKCoreKit/Core (5.8.0):
    - FBSDKCoreKit/Basics
  - FBSDKLoginKit (5.8.0):
    - FBSDKLoginKit/Login (= 5.8.0)
  - FBSDKLoginKit/Login (5.8.0):
    - FBSDKCoreKit (~> 5.0)
  - Toast-Swift (5.0.1)

DEPENDENCIES:
  - AWSAuthUI (~> 2.12.1)
  - AWSFacebookSignIn (~> 2.12.0)
  - AWSMobileClient (~> 2.12.1)
  - AWSUserPoolsSignIn (~> 2.12.1)
  - Toast-Swift (~> 5.0.1)

SPEC REPOS:
  trunk:
    - AWSAuthCore
    - AWSAuthUI
    - AWSCognitoIdentityProvider
    - AWSCognitoIdentityProviderASF
    - AWSCore
    - AWSFacebookSignIn
    - AWSMobileClient
    - AWSUserPoolsSignIn
    - FBSDKCoreKit
    - FBSDKLoginKit
    - Toast-Swift

SPEC CHECKSUMS:
  AWSAuthCore: 288cb737a35ff031fbf42edaa8d0062328791d4e
  AWSAuthUI: 464fbab1841f8878e6370ec76581f9bea67e6252
  AWSCognitoIdentityProvider: 4998bdbfbafe5038dae0237a598580e102e7b6b5
  AWSCognitoIdentityProviderASF: f94f1a502e72ef3d0a1de93e10bf7a79c8698118
  AWSCore: 2f0f88ae94a63a198274d683c7d0e18709d7090b
  AWSFacebookSignIn: 01647349b676d8522fa8d586459c44ce1f253243
  AWSMobileClient: bf1fb0868f9187141ca7b69220383c14878c0a29
  AWSUserPoolsSignIn: fffc46e512e326783585e53639e58c355aae320f
  FBSDKCoreKit: e7dcac0aabcfb09d0166998edd95fe3b05a0ce5d
  FBSDKLoginKit: 1b0cf04df0370b37404213157b060d6666ede814
  Toast-Swift: 9b6a70f28b3bf0b96c40d46c0c4b9d6639846711

PODFILE CHECKSUM: a84ef4c54b9324c108c7c9e3c30ae7ff9461f156

COCOAPODS: 1.8.4
