PODS:
  - Amplify (1.6.1):
    - Amplify/Default (= 1.6.1)
  - Amplify/Default (1.6.1)
  - AmplifyPlugins/AWSCognitoAuthPlugin (1.6.1):
    - AWSAuthCore (~> 2.23.0)
    - AWSCognitoIdentityProvider (~> 2.23.0)
    - AWSCognitoIdentityProviderASF (~> 2.23.0)
    - AWSCore (~> 2.23.0)
    - AWSMobileClient (~> 2.23.0)
    - AWSPluginsCore (= 1.6.1)
  - AmplifyPlugins/AWSS3StoragePlugin (1.6.1):
    - AWSCore (~> 2.23.0)
    - AWSPluginsCore (= 1.6.1)
    - AWSS3 (~> 2.23.0)
  - AppSyncRealTimeClient (1.4.3):
    - Starscream (~> 3.1.0)
  - AWSAppSync (3.1.17):
    - AppSyncRealTimeClient (~> 1.4)
    - AWSCore (~> 2.23.0)
    - ReachabilitySwift (= 5.0.0)
    - SQLite.swift (~> 0.12.2)
  - AWSAuthCore (2.23.1):
    - AWSCore (= 2.23.1)
  - AWSAuthUI (2.23.1):
    - AWSAuthCore (= 2.23.1)
    - AWSCore (= 2.23.1)
  - AWSCognitoIdentityProvider (2.23.1):
    - AWSCognitoIdentityProviderASF (= 2.23.1)
    - AWSCore (= 2.23.1)
  - AWSCognitoIdentityProviderASF (2.23.1)
  - AWSCore (2.23.1)
  - AWSMobileClient (2.23.1):
    - AWSAuthCore (= 2.23.1)
    - AWSCognitoIdentityProvider (= 2.23.1)
    - AWSCognitoIdentityProviderASF (= 2.23.1)
    - AWSCore (= 2.23.1)
  - AWSPluginsCore (1.6.1):
    - Amplify (= 1.6.1)
    - AWSCore (~> 2.23.0)
  - AWSS3 (2.23.1):
    - AWSCore (= 2.23.1)
  - AWSUserPoolsSignIn (2.23.1):
    - AWSAuthCore (= 2.23.1)
    - AWSCognitoIdentityProvider (= 2.23.1)
    - AWSCore (= 2.23.1)
  - Firebase/Analytics (7.1.0):
    - Firebase/Core
  - Firebase/Core (7.1.0):
    - Firebase/CoreOnly
    - FirebaseAnalytics (= 7.1.0)
  - Firebase/CoreOnly (7.1.0):
    - FirebaseCore (= 7.1.0)
  - FirebaseAnalytics (7.1.0):
    - FirebaseCore (~> 7.0)
    - FirebaseInstallations (~> 7.0)
    - GoogleAppMeasurement (= 7.1.0)
    - GoogleUtilities/AppDelegateSwizzler (~> 7.0)
    - GoogleUtilities/MethodSwizzler (~> 7.0)
    - GoogleUtilities/Network (~> 7.0)
    - "GoogleUtilities/NSData+zlib (~> 7.0)"
    - nanopb (~> 2.30906.0)
  - FirebaseCore (7.1.0):
    - FirebaseCoreDiagnostics (~> 7.0)
    - GoogleUtilities/Environment (~> 7.0)
    - GoogleUtilities/Logger (~> 7.0)
  - FirebaseCoreDiagnostics (7.1.0):
    - GoogleDataTransport (~> 8.0)
    - GoogleUtilities/Environment (~> 7.0)
    - GoogleUtilities/Logger (~> 7.0)
    - nanopb (~> 2.30906.0)
  - FirebaseInstallations (7.1.0):
    - FirebaseCore (~> 7.0)
    - GoogleUtilities/Environment (~> 7.0)
    - GoogleUtilities/UserDefaults (~> 7.0)
    - PromisesObjC (~> 1.2)
  - GoogleAppMeasurement (7.1.0):
    - GoogleUtilities/AppDelegateSwizzler (~> 7.0)
    - GoogleUtilities/MethodSwizzler (~> 7.0)
    - GoogleUtilities/Network (~> 7.0)
    - "GoogleUtilities/NSData+zlib (~> 7.0)"
    - nanopb (~> 2.30906.0)
  - GoogleDataTransport (8.0.1):
    - nanopb (~> 2.30906.0)
  - GoogleUtilities/AppDelegateSwizzler (7.1.0):
    - GoogleUtilities/Environment
    - GoogleUtilities/Logger
    - GoogleUtilities/Network
  - GoogleUtilities/Environment (7.1.0):
    - PromisesObjC (~> 1.2)
  - GoogleUtilities/Logger (7.1.0):
    - GoogleUtilities/Environment
  - GoogleUtilities/MethodSwizzler (7.1.0):
    - GoogleUtilities/Logger
  - GoogleUtilities/Network (7.1.0):
    - GoogleUtilities/Logger
    - "GoogleUtilities/NSData+zlib"
    - GoogleUtilities/Reachability
  - "GoogleUtilities/NSData+zlib (7.1.0)"
  - GoogleUtilities/Reachability (7.1.0):
    - GoogleUtilities/Logger
  - GoogleUtilities/UserDefaults (7.1.0):
    - GoogleUtilities/Logger
  - InitialsImageView (0.7.0)
  - Kingfisher (5.15.8):
    - Kingfisher/Core (= 5.15.8)
  - Kingfisher/Core (5.15.8)
  - nanopb (2.30906.0):
    - nanopb/decode (= 2.30906.0)
    - nanopb/encode (= 2.30906.0)
  - nanopb/decode (2.30906.0)
  - nanopb/encode (2.30906.0)
  - PromisesObjC (1.2.11)
  - ReachabilitySwift (5.0.0)
  - Signals (6.1.0)
  - SQLite.swift (0.12.2):
    - SQLite.swift/standard (= 0.12.2)
  - SQLite.swift/standard (0.12.2)
  - Starscream (3.1.1)
  - Toast-Swift (5.0.1)

DEPENDENCIES:
  - Amplify (~> 1.6.1)
  - AmplifyPlugins/AWSCognitoAuthPlugin (~> 1.6.1)
  - AmplifyPlugins/AWSS3StoragePlugin (~> 1.6.1)
  - AWSAppSync (~> 3.1.17)
  - AWSAuthUI (~> 2.23.0)
  - AWSCore (~> 2.23.0)
  - AWSMobileClient (~> 2.23.0)
  - AWSS3 (~> 2.23.0)
  - AWSUserPoolsSignIn (~> 2.23.0)
  - Firebase/Analytics
  - InitialsImageView (~> 0.7.0)
  - Kingfisher (~> 5.15)
  - ReachabilitySwift
  - Signals (~> 6.0)
  - Toast-Swift (~> 5.0.1)

SPEC REPOS:
  trunk:
    - Amplify
    - AmplifyPlugins
    - AppSyncRealTimeClient
    - AWSAppSync
    - AWSAuthCore
    - AWSAuthUI
    - AWSCognitoIdentityProvider
    - AWSCognitoIdentityProviderASF
    - AWSCore
    - AWSMobileClient
    - AWSPluginsCore
    - AWSS3
    - AWSUserPoolsSignIn
    - Firebase
    - FirebaseAnalytics
    - FirebaseCore
    - FirebaseCoreDiagnostics
    - FirebaseInstallations
    - GoogleAppMeasurement
    - GoogleDataTransport
    - GoogleUtilities
    - InitialsImageView
    - Kingfisher
    - nanopb
    - PromisesObjC
    - ReachabilitySwift
    - Signals
    - SQLite.swift
    - Starscream
    - Toast-Swift

SPEC CHECKSUMS:
  Amplify: 4d0c3b0871e1f268c81ce5e9b65532df0a013900
  AmplifyPlugins: 51dfaeafe662cd571c4d4dfd3bdc5987fef2d5a7
  AppSyncRealTimeClient: 04df4dffe57cfbd06da336d0bfcd5641ba9adcb5
  AWSAppSync: 558d2d6935686411d7e1d813a0694621228be77f
  AWSAuthCore: d9f9c418df00f45f399e407dc6c2bce33870b0af
  AWSAuthUI: 43a90ece9e6f26b954117b2af1b6cb168eac6506
  AWSCognitoIdentityProvider: 8bf316cc96554d4c88ca4b1dcae0589923fb95f5
  AWSCognitoIdentityProviderASF: f9b0d373dfce6d5395f0b69f2301f5db927d9fc8
  AWSCore: 48bf561f5fb3616ef42c1f7f3eeb4b502d11f69d
  AWSMobileClient: ffe1179b9e6d5db7cea3f807df7d47f5d00a5c65
  AWSPluginsCore: f41f8a478fe3fd8839ec16278b86dededefb0628
  AWSS3: 66bf4071639d0bebaec10e7b6587712df5f05a26
  AWSUserPoolsSignIn: 5397fa0da35e78d9ca8404dbaa0b8be080797418
  Firebase: 78e8dd2e39d653de6270432ad84fe8b59f7bf4e8
  FirebaseAnalytics: 7f165a56dea86ddd5b8ce02af3bee982c683405c
  FirebaseCore: 20046127eef0fcb8fa25df7fc12f7b97d4e48611
  FirebaseCoreDiagnostics: 872cdb9b749b23346dddd5c1014d1babd2257de3
  FirebaseInstallations: 3de38553e86171b5f81d83cdeef63473d37bfdb0
  GoogleAppMeasurement: 89e1a64593f968713b0506ba1b53b38a154bf9a5
  GoogleDataTransport: e4085e6762f36a6141738f46b0153473ce57fb18
  GoogleUtilities: f734da554aade8cc7928a31c2f3311897933a1bd
  InitialsImageView: 7a416d36fc6df5434198664db28a3ffb0228426d
  Kingfisher: a3c03d702433fa6cfedabb2bddbe076fb8f2e902
  nanopb: 1bf24dd71191072e120b83dd02d08f3da0d65e53
  PromisesObjC: 8c196f5a328c2cba3e74624585467a557dcb482f
  ReachabilitySwift: 985039c6f7b23a1da463388634119492ff86c825
  Signals: f8e5c979e93c35273f8dfe55ee7f47213d3e8fe8
  SQLite.swift: d2b4642190917051ce6bd1d49aab565fe794eea3
  Starscream: 4bb2f9942274833f7b4d296a55504dcfc7edb7b0
  Toast-Swift: 9b6a70f28b3bf0b96c40d46c0c4b9d6639846711

PODFILE CHECKSUM: 20a158bffa6cba394aa3cfa7bafd27146558bf93

COCOAPODS: 1.8.4
