// !$*UTF8*$!
{
	archiveVersion = 1;
	classes = {
	};
	objectVersion = 51;
	objects = {

/* Begin PBXBuildFile section */
		4F55B6EDFBC28706CFC848C2 /* Pods_meho_iosTests.framework in Frameworks */ = {isa = PBXBuildFile; fileRef = A40C5A697051BB021EFB5E9C /* Pods_meho_iosTests.framework */; };
		6D74B886C32D56360635EAC8 /* Pods_meho_ios_meho_iosUITests.framework in Frameworks */ = {isa = PBXBuildFile; fileRef = A456EF74653F7CB7D8C47AD7 /* Pods_meho_ios_meho_iosUITests.framework */; };
		92183A6023F0D39B00428F66 /* FoundationFeatureCollectionViewCell.swift in Sources */ = {isa = PBXBuildFile; fileRef = 92183A5F23F0D39B00428F66 /* FoundationFeatureCollectionViewCell.swift */; };
		924C53E323FA14B300B59D95 /* amplifyconfiguration.json in Resources */ = {isa = PBXBuildFile; fileRef = 924C53E223FA14B300B59D95 /* amplifyconfiguration.json */; };
		924C53E523FA14C300B59D95 /* awsconfiguration.json in Resources */ = {isa = PBXBuildFile; fileRef = 924C53E423FA14C300B59D95 /* awsconfiguration.json */; };
		924C53E823FA1E2600B59D95 /* SignInViewController.swift in Sources */ = {isa = PBXBuildFile; fileRef = 924C53E723FA1E2600B59D95 /* SignInViewController.swift */; };
		92DEE30F23F8FF60004D91D7 /* Feature.swift in Sources */ = {isa = PBXBuildFile; fileRef = 92DEE30E23F8FF60004D91D7 /* Feature.swift */; };
		C3C36BFDEC0BB0A708FFC789 /* Pods_meho_ios.framework in Frameworks */ = {isa = PBXBuildFile; fileRef = CD7C00746FB72FA49F9B8405 /* Pods_meho_ios.framework */; };
		EA01E6A823FA1A3600C0B0AE /* UIColorExtentsion.swift in Sources */ = {isa = PBXBuildFile; fileRef = EA01E6A723FA1A3600C0B0AE /* UIColorExtentsion.swift */; };
		EA01E6AB23FA356900C0B0AE /* Localizable.strings in Resources */ = {isa = PBXBuildFile; fileRef = EA01E6AA23FA356900C0B0AE /* Localizable.strings */; };
		EA01E6AD23FBA62900C0B0AE /* Chapter.swift in Sources */ = {isa = PBXBuildFile; fileRef = EA01E6AC23FBA62900C0B0AE /* Chapter.swift */; };
		EA01E6AF23FBC25F00C0B0AE /* Difficulty.swift in Sources */ = {isa = PBXBuildFile; fileRef = EA01E6AE23FBC25F00C0B0AE /* Difficulty.swift */; };
		EA01E6B123FBD6F000C0B0AE /* DifficultyViewController.swift in Sources */ = {isa = PBXBuildFile; fileRef = EA01E6B023FBD6F000C0B0AE /* DifficultyViewController.swift */; };
		EA01E6B324020CBF00C0B0AE /* DialogViewController.swift in Sources */ = {isa = PBXBuildFile; fileRef = EA01E6B224020CBF00C0B0AE /* DialogViewController.swift */; };
		EA2FC5C023EF7AD400E258BD /* AppDelegate.swift in Sources */ = {isa = PBXBuildFile; fileRef = EA2FC5BF23EF7AD400E258BD /* AppDelegate.swift */; };
		EA2FC5C223EF7AD400E258BD /* SceneDelegate.swift in Sources */ = {isa = PBXBuildFile; fileRef = EA2FC5C123EF7AD400E258BD /* SceneDelegate.swift */; };
		EA2FC5C623EF7AD600E258BD /* Assets.xcassets in Resources */ = {isa = PBXBuildFile; fileRef = EA2FC5C523EF7AD600E258BD /* Assets.xcassets */; };
		EA2FC5C923EF7AD600E258BD /* Preview Assets.xcassets in Resources */ = {isa = PBXBuildFile; fileRef = EA2FC5C823EF7AD600E258BD /* Preview Assets.xcassets */; };
		EA2FC5CC23EF7AD600E258BD /* LaunchScreen.storyboard in Resources */ = {isa = PBXBuildFile; fileRef = EA2FC5CA23EF7AD600E258BD /* LaunchScreen.storyboard */; };
		EA2FC5D723EF7AD600E258BD /* meho_iosTests.swift in Sources */ = {isa = PBXBuildFile; fileRef = EA2FC5D623EF7AD600E258BD /* meho_iosTests.swift */; };
		EA2FC5E223EF7AD600E258BD /* meho_iosUITests.swift in Sources */ = {isa = PBXBuildFile; fileRef = EA2FC5E123EF7AD600E258BD /* meho_iosUITests.swift */; };
		EA52FDA323EF7D4D008EB37B /* MainViewController.swift in Sources */ = {isa = PBXBuildFile; fileRef = EA52FDA223EF7D4D008EB37B /* MainViewController.swift */; };
		EA52FDA823EF809D008EB37B /* ProfileViewController.swift in Sources */ = {isa = PBXBuildFile; fileRef = EA52FDA723EF809D008EB37B /* ProfileViewController.swift */; };
		EA52FDAA23EF80DA008EB37B /* ConversationViewController.swift in Sources */ = {isa = PBXBuildFile; fileRef = EA52FDA923EF80DA008EB37B /* ConversationViewController.swift */; };
		EA52FDAC23EF80E9008EB37B /* FoundationViewController.swift in Sources */ = {isa = PBXBuildFile; fileRef = EA52FDAB23EF80E9008EB37B /* FoundationViewController.swift */; };
		EA52FDAF23EF8116008EB37B /* NewsViewController.swift in Sources */ = {isa = PBXBuildFile; fileRef = EA52FDAE23EF8116008EB37B /* NewsViewController.swift */; };
		EA52FDB623EFE6B8008EB37B /* Category.swift in Sources */ = {isa = PBXBuildFile; fileRef = EA52FDB523EFE6B8008EB37B /* Category.swift */; };
		EA52FDB823EFF416008EB37B /* CategoryCollectionViewCell.swift in Sources */ = {isa = PBXBuildFile; fileRef = EA52FDB723EFF416008EB37B /* CategoryCollectionViewCell.swift */; };
		EA5448B92414B5B400C07D0A /* ConversationHeaderCollectionReusableView.swift in Sources */ = {isa = PBXBuildFile; fileRef = EA5448B82414B5B400C07D0A /* ConversationHeaderCollectionReusableView.swift */; };
		EA5448BB2415D93500C07D0A /* SeeMoreFooterCollectionResuableView.swift in Sources */ = {isa = PBXBuildFile; fileRef = EA5448BA2415D93400C07D0A /* SeeMoreFooterCollectionResuableView.swift */; };
		EA5448BD2423324F00C07D0A /* DialogStreamViewController.swift in Sources */ = {isa = PBXBuildFile; fileRef = EA5448BC2423324F00C07D0A /* DialogStreamViewController.swift */; };
		EA5448BF2425EBA900C07D0A /* DialogStreamHeaderCollectionReusableView.swift in Sources */ = {isa = PBXBuildFile; fileRef = EA5448BE2425EBA900C07D0A /* DialogStreamHeaderCollectionReusableView.swift */; };
		EA7B730E23F0DBDA0031093B /* Images.xcassets in Resources */ = {isa = PBXBuildFile; fileRef = EA7B730D23F0DBDA0031093B /* Images.xcassets */; };
		EAB7C4C823F10236003C8548 /* Dialog.swift in Sources */ = {isa = PBXBuildFile; fileRef = EAB7C4C723F10236003C8548 /* Dialog.swift */; };
		EAB7C4CA23F11193003C8548 /* ConversationDataFetcher.swift in Sources */ = {isa = PBXBuildFile; fileRef = EAB7C4C923F11193003C8548 /* ConversationDataFetcher.swift */; };
		EAB7C4CE23F12080003C8548 /* WebImageView.swift in Sources */ = {isa = PBXBuildFile; fileRef = EAB7C4CD23F12080003C8548 /* WebImageView.swift */; };
		EAB7C4D023F8C8E2003C8548 /* DialogCollectionViewCell.swift in Sources */ = {isa = PBXBuildFile; fileRef = EAB7C4CF23F8C8E2003C8548 /* DialogCollectionViewCell.swift */; };
/* End PBXBuildFile section */

/* Begin PBXContainerItemProxy section */
		EA2FC5D323EF7AD600E258BD /* PBXContainerItemProxy */ = {
			isa = PBXContainerItemProxy;
			containerPortal = EA2FC5B423EF7AD400E258BD /* Project object */;
			proxyType = 1;
			remoteGlobalIDString = EA2FC5BB23EF7AD400E258BD;
			remoteInfo = "meho-ios";
		};
		EA2FC5DE23EF7AD600E258BD /* PBXContainerItemProxy */ = {
			isa = PBXContainerItemProxy;
			containerPortal = EA2FC5B423EF7AD400E258BD /* Project object */;
			proxyType = 1;
			remoteGlobalIDString = EA2FC5BB23EF7AD400E258BD;
			remoteInfo = "meho-ios";
		};
/* End PBXContainerItemProxy section */

/* Begin PBXFileReference section */
		23D21C92C96C3B02E8C84C73 /* Pods-meho-ios.debug.xcconfig */ = {isa = PBXFileReference; includeInIndex = 1; lastKnownFileType = text.xcconfig; name = "Pods-meho-ios.debug.xcconfig"; path = "Target Support Files/Pods-meho-ios/Pods-meho-ios.debug.xcconfig"; sourceTree = "<group>"; };
		2C4B88F481B22CC28E6FA7C0 /* Pods-meho-ios-meho-iosUITests.release.xcconfig */ = {isa = PBXFileReference; includeInIndex = 1; lastKnownFileType = text.xcconfig; name = "Pods-meho-ios-meho-iosUITests.release.xcconfig"; path = "Target Support Files/Pods-meho-ios-meho-iosUITests/Pods-meho-ios-meho-iosUITests.release.xcconfig"; sourceTree = "<group>"; };
		2F61D287284A0C384EE8E152 /* Pods-meho-ios-meho-iosUITests.debug.xcconfig */ = {isa = PBXFileReference; includeInIndex = 1; lastKnownFileType = text.xcconfig; name = "Pods-meho-ios-meho-iosUITests.debug.xcconfig"; path = "Target Support Files/Pods-meho-ios-meho-iosUITests/Pods-meho-ios-meho-iosUITests.debug.xcconfig"; sourceTree = "<group>"; };
		68E4FB07AC0350083CCFEA66 /* Pods-meho-iosTests.release.xcconfig */ = {isa = PBXFileReference; includeInIndex = 1; lastKnownFileType = text.xcconfig; name = "Pods-meho-iosTests.release.xcconfig"; path = "Target Support Files/Pods-meho-iosTests/Pods-meho-iosTests.release.xcconfig"; sourceTree = "<group>"; };
		92183A5F23F0D39B00428F66 /* FoundationFeatureCollectionViewCell.swift */ = {isa = PBXFileReference; lastKnownFileType = sourcecode.swift; path = FoundationFeatureCollectionViewCell.swift; sourceTree = "<group>"; };
		924C53E223FA14B300B59D95 /* amplifyconfiguration.json */ = {isa = PBXFileReference; fileEncoding = 4; lastKnownFileType = text.json; path = amplifyconfiguration.json; sourceTree = "<group>"; };
		924C53E423FA14C300B59D95 /* awsconfiguration.json */ = {isa = PBXFileReference; fileEncoding = 4; lastKnownFileType = text.json; path = awsconfiguration.json; sourceTree = "<group>"; };
		924C53E723FA1E2600B59D95 /* SignInViewController.swift */ = {isa = PBXFileReference; lastKnownFileType = sourcecode.swift; path = SignInViewController.swift; sourceTree = "<group>"; };
		92DEE30E23F8FF60004D91D7 /* Feature.swift */ = {isa = PBXFileReference; lastKnownFileType = sourcecode.swift; path = Feature.swift; sourceTree = "<group>"; };
		A40C5A697051BB021EFB5E9C /* Pods_meho_iosTests.framework */ = {isa = PBXFileReference; explicitFileType = wrapper.framework; includeInIndex = 0; path = Pods_meho_iosTests.framework; sourceTree = BUILT_PRODUCTS_DIR; };
		A456EF74653F7CB7D8C47AD7 /* Pods_meho_ios_meho_iosUITests.framework */ = {isa = PBXFileReference; explicitFileType = wrapper.framework; includeInIndex = 0; path = Pods_meho_ios_meho_iosUITests.framework; sourceTree = BUILT_PRODUCTS_DIR; };
		CD7C00746FB72FA49F9B8405 /* Pods_meho_ios.framework */ = {isa = PBXFileReference; explicitFileType = wrapper.framework; includeInIndex = 0; path = Pods_meho_ios.framework; sourceTree = BUILT_PRODUCTS_DIR; };
		E9F2A75345FA03483A401E0E /* Pods-meho-iosTests.debug.xcconfig */ = {isa = PBXFileReference; includeInIndex = 1; lastKnownFileType = text.xcconfig; name = "Pods-meho-iosTests.debug.xcconfig"; path = "Target Support Files/Pods-meho-iosTests/Pods-meho-iosTests.debug.xcconfig"; sourceTree = "<group>"; };
		EA01E6A723FA1A3600C0B0AE /* UIColorExtentsion.swift */ = {isa = PBXFileReference; lastKnownFileType = sourcecode.swift; path = UIColorExtentsion.swift; sourceTree = "<group>"; };
		EA01E6AA23FA356900C0B0AE /* Localizable.strings */ = {isa = PBXFileReference; lastKnownFileType = text.plist.strings; path = Localizable.strings; sourceTree = "<group>"; };
		EA01E6AC23FBA62900C0B0AE /* Chapter.swift */ = {isa = PBXFileReference; lastKnownFileType = sourcecode.swift; path = Chapter.swift; sourceTree = "<group>"; };
		EA01E6AE23FBC25F00C0B0AE /* Difficulty.swift */ = {isa = PBXFileReference; lastKnownFileType = sourcecode.swift; path = Difficulty.swift; sourceTree = "<group>"; };
		EA01E6B023FBD6F000C0B0AE /* DifficultyViewController.swift */ = {isa = PBXFileReference; lastKnownFileType = sourcecode.swift; path = DifficultyViewController.swift; sourceTree = "<group>"; };
		EA01E6B224020CBF00C0B0AE /* DialogViewController.swift */ = {isa = PBXFileReference; lastKnownFileType = sourcecode.swift; path = DialogViewController.swift; sourceTree = "<group>"; };
		EA2FC5BC23EF7AD400E258BD /* meho-ios.app */ = {isa = PBXFileReference; explicitFileType = wrapper.application; includeInIndex = 0; path = "meho-ios.app"; sourceTree = BUILT_PRODUCTS_DIR; };
		EA2FC5BF23EF7AD400E258BD /* AppDelegate.swift */ = {isa = PBXFileReference; lastKnownFileType = sourcecode.swift; path = AppDelegate.swift; sourceTree = "<group>"; };
		EA2FC5C123EF7AD400E258BD /* SceneDelegate.swift */ = {isa = PBXFileReference; lastKnownFileType = sourcecode.swift; path = SceneDelegate.swift; sourceTree = "<group>"; };
		EA2FC5C523EF7AD600E258BD /* Assets.xcassets */ = {isa = PBXFileReference; lastKnownFileType = folder.assetcatalog; path = Assets.xcassets; sourceTree = "<group>"; };
		EA2FC5C823EF7AD600E258BD /* Preview Assets.xcassets */ = {isa = PBXFileReference; lastKnownFileType = folder.assetcatalog; path = "Preview Assets.xcassets"; sourceTree = "<group>"; };
		EA2FC5CB23EF7AD600E258BD /* Base */ = {isa = PBXFileReference; lastKnownFileType = file.storyboard; name = Base; path = Base.lproj/LaunchScreen.storyboard; sourceTree = "<group>"; };
		EA2FC5CD23EF7AD600E258BD /* Info.plist */ = {isa = PBXFileReference; lastKnownFileType = text.plist.xml; path = Info.plist; sourceTree = "<group>"; };
		EA2FC5D223EF7AD600E258BD /* meho-iosTests.xctest */ = {isa = PBXFileReference; explicitFileType = wrapper.cfbundle; includeInIndex = 0; path = "meho-iosTests.xctest"; sourceTree = BUILT_PRODUCTS_DIR; };
		EA2FC5D623EF7AD600E258BD /* meho_iosTests.swift */ = {isa = PBXFileReference; lastKnownFileType = sourcecode.swift; path = meho_iosTests.swift; sourceTree = "<group>"; };
		EA2FC5D823EF7AD600E258BD /* Info.plist */ = {isa = PBXFileReference; lastKnownFileType = text.plist.xml; path = Info.plist; sourceTree = "<group>"; };
		EA2FC5DD23EF7AD600E258BD /* meho-iosUITests.xctest */ = {isa = PBXFileReference; explicitFileType = wrapper.cfbundle; includeInIndex = 0; path = "meho-iosUITests.xctest"; sourceTree = BUILT_PRODUCTS_DIR; };
		EA2FC5E123EF7AD600E258BD /* meho_iosUITests.swift */ = {isa = PBXFileReference; lastKnownFileType = sourcecode.swift; path = meho_iosUITests.swift; sourceTree = "<group>"; };
		EA2FC5E323EF7AD600E258BD /* Info.plist */ = {isa = PBXFileReference; lastKnownFileType = text.plist.xml; path = Info.plist; sourceTree = "<group>"; };
		EA52FDA223EF7D4D008EB37B /* MainViewController.swift */ = {isa = PBXFileReference; lastKnownFileType = sourcecode.swift; path = MainViewController.swift; sourceTree = "<group>"; };
		EA52FDA723EF809D008EB37B /* ProfileViewController.swift */ = {isa = PBXFileReference; lastKnownFileType = sourcecode.swift; path = ProfileViewController.swift; sourceTree = "<group>"; };
		EA52FDA923EF80DA008EB37B /* ConversationViewController.swift */ = {isa = PBXFileReference; lastKnownFileType = sourcecode.swift; path = ConversationViewController.swift; sourceTree = "<group>"; };
		EA52FDAB23EF80E9008EB37B /* FoundationViewController.swift */ = {isa = PBXFileReference; lastKnownFileType = sourcecode.swift; path = FoundationViewController.swift; sourceTree = "<group>"; };
		EA52FDAE23EF8116008EB37B /* NewsViewController.swift */ = {isa = PBXFileReference; lastKnownFileType = sourcecode.swift; path = NewsViewController.swift; sourceTree = "<group>"; };
		EA52FDB523EFE6B8008EB37B /* Category.swift */ = {isa = PBXFileReference; lastKnownFileType = sourcecode.swift; path = Category.swift; sourceTree = "<group>"; };
		EA52FDB723EFF416008EB37B /* CategoryCollectionViewCell.swift */ = {isa = PBXFileReference; lastKnownFileType = sourcecode.swift; path = CategoryCollectionViewCell.swift; sourceTree = "<group>"; };
		EA5448B82414B5B400C07D0A /* ConversationHeaderCollectionReusableView.swift */ = {isa = PBXFileReference; lastKnownFileType = sourcecode.swift; path = ConversationHeaderCollectionReusableView.swift; sourceTree = "<group>"; };
		EA5448BA2415D93400C07D0A /* SeeMoreFooterCollectionResuableView.swift */ = {isa = PBXFileReference; lastKnownFileType = sourcecode.swift; path = SeeMoreFooterCollectionResuableView.swift; sourceTree = "<group>"; };
		EA5448BC2423324F00C07D0A /* DialogStreamViewController.swift */ = {isa = PBXFileReference; lastKnownFileType = sourcecode.swift; path = DialogStreamViewController.swift; sourceTree = "<group>"; };
		EA5448BE2425EBA900C07D0A /* DialogStreamHeaderCollectionReusableView.swift */ = {isa = PBXFileReference; lastKnownFileType = sourcecode.swift; path = DialogStreamHeaderCollectionReusableView.swift; sourceTree = "<group>"; };
		EA7B730D23F0DBDA0031093B /* Images.xcassets */ = {isa = PBXFileReference; lastKnownFileType = folder.assetcatalog; path = Images.xcassets; sourceTree = "<group>"; };
		EAB7C4C723F10236003C8548 /* Dialog.swift */ = {isa = PBXFileReference; lastKnownFileType = sourcecode.swift; path = Dialog.swift; sourceTree = "<group>"; };
		EAB7C4C923F11193003C8548 /* ConversationDataFetcher.swift */ = {isa = PBXFileReference; lastKnownFileType = sourcecode.swift; path = ConversationDataFetcher.swift; sourceTree = "<group>"; };
		EAB7C4CD23F12080003C8548 /* WebImageView.swift */ = {isa = PBXFileReference; lastKnownFileType = sourcecode.swift; path = WebImageView.swift; sourceTree = "<group>"; };
		EAB7C4CF23F8C8E2003C8548 /* DialogCollectionViewCell.swift */ = {isa = PBXFileReference; lastKnownFileType = sourcecode.swift; path = DialogCollectionViewCell.swift; sourceTree = "<group>"; };
		F716BB1255CF205B861C58F6 /* Pods-meho-ios.release.xcconfig */ = {isa = PBXFileReference; includeInIndex = 1; lastKnownFileType = text.xcconfig; name = "Pods-meho-ios.release.xcconfig"; path = "Target Support Files/Pods-meho-ios/Pods-meho-ios.release.xcconfig"; sourceTree = "<group>"; };
/* End PBXFileReference section */

/* Begin PBXFrameworksBuildPhase section */
		EA2FC5B923EF7AD400E258BD /* Frameworks */ = {
			isa = PBXFrameworksBuildPhase;
			buildActionMask = 2147483647;
			files = (
				C3C36BFDEC0BB0A708FFC789 /* Pods_meho_ios.framework in Frameworks */,
			);
			runOnlyForDeploymentPostprocessing = 0;
		};
		EA2FC5CF23EF7AD600E258BD /* Frameworks */ = {
			isa = PBXFrameworksBuildPhase;
			buildActionMask = 2147483647;
			files = (
				4F55B6EDFBC28706CFC848C2 /* Pods_meho_iosTests.framework in Frameworks */,
			);
			runOnlyForDeploymentPostprocessing = 0;
		};
		EA2FC5DA23EF7AD600E258BD /* Frameworks */ = {
			isa = PBXFrameworksBuildPhase;
			buildActionMask = 2147483647;
			files = (
				6D74B886C32D56360635EAC8 /* Pods_meho_ios_meho_iosUITests.framework in Frameworks */,
			);
			runOnlyForDeploymentPostprocessing = 0;
		};
/* End PBXFrameworksBuildPhase section */

/* Begin PBXGroup section */
		6C252BD4F847344155504A04 /* Frameworks */ = {
			isa = PBXGroup;
			children = (
				CD7C00746FB72FA49F9B8405 /* Pods_meho_ios.framework */,
				A456EF74653F7CB7D8C47AD7 /* Pods_meho_ios_meho_iosUITests.framework */,
				A40C5A697051BB021EFB5E9C /* Pods_meho_iosTests.framework */,
			);
			name = Frameworks;
			sourceTree = "<group>";
		};
		924C53E623FA1E0400B59D95 /* Auth */ = {
			isa = PBXGroup;
			children = (
				924C53E723FA1E2600B59D95 /* SignInViewController.swift */,
			);
			path = Auth;
			sourceTree = "<group>";
		};
		9D10556214FE534B87DDB421 /* Pods */ = {
			isa = PBXGroup;
			children = (
				23D21C92C96C3B02E8C84C73 /* Pods-meho-ios.debug.xcconfig */,
				F716BB1255CF205B861C58F6 /* Pods-meho-ios.release.xcconfig */,
				2F61D287284A0C384EE8E152 /* Pods-meho-ios-meho-iosUITests.debug.xcconfig */,
				2C4B88F481B22CC28E6FA7C0 /* Pods-meho-ios-meho-iosUITests.release.xcconfig */,
				E9F2A75345FA03483A401E0E /* Pods-meho-iosTests.debug.xcconfig */,
				68E4FB07AC0350083CCFEA66 /* Pods-meho-iosTests.release.xcconfig */,
			);
			path = Pods;
			sourceTree = "<group>";
		};
		EA01E6A623FA19E000C0B0AE /* Extension */ = {
			isa = PBXGroup;
			children = (
				EA01E6A723FA1A3600C0B0AE /* UIColorExtentsion.swift */,
			);
			path = Extension;
			sourceTree = "<group>";
		};
		EA01E6A923FA351700C0B0AE /* Strings */ = {
			isa = PBXGroup;
			children = (
				EA01E6AA23FA356900C0B0AE /* Localizable.strings */,
			);
			path = Strings;
			sourceTree = "<group>";
		};
		EA2FC5B323EF7AD400E258BD = {
			isa = PBXGroup;
			children = (
				924C53E223FA14B300B59D95 /* amplifyconfiguration.json */,
				924C53E423FA14C300B59D95 /* awsconfiguration.json */,
				EA2FC5BE23EF7AD400E258BD /* meho-ios */,
				EA2FC5D523EF7AD600E258BD /* meho-iosTests */,
				EA2FC5E023EF7AD600E258BD /* meho-iosUITests */,
				EA2FC5BD23EF7AD400E258BD /* Products */,
				9D10556214FE534B87DDB421 /* Pods */,
				6C252BD4F847344155504A04 /* Frameworks */,
			);
			sourceTree = "<group>";
		};
		EA2FC5BD23EF7AD400E258BD /* Products */ = {
			isa = PBXGroup;
			children = (
				EA2FC5BC23EF7AD400E258BD /* meho-ios.app */,
				EA2FC5D223EF7AD600E258BD /* meho-iosTests.xctest */,
				EA2FC5DD23EF7AD600E258BD /* meho-iosUITests.xctest */,
			);
			name = Products;
			sourceTree = "<group>";
		};
		EA2FC5BE23EF7AD400E258BD /* meho-ios */ = {
			isa = PBXGroup;
			children = (
				EA7B730B23F0DBB10031093B /* AllResources */,
				EA52FDB423EFAA5A008EB37B /* Library */,
				EA52FDA023EF7C77008EB37B /* Component */,
				EA2FC5BF23EF7AD400E258BD /* AppDelegate.swift */,
				EA2FC5C123EF7AD400E258BD /* SceneDelegate.swift */,
				EA2FC5C523EF7AD600E258BD /* Assets.xcassets */,
				EA2FC5CA23EF7AD600E258BD /* LaunchScreen.storyboard */,
				EA2FC5CD23EF7AD600E258BD /* Info.plist */,
				EA2FC5C723EF7AD600E258BD /* Preview Content */,
			);
			path = "meho-ios";
			sourceTree = "<group>";
		};
		EA2FC5C723EF7AD600E258BD /* Preview Content */ = {
			isa = PBXGroup;
			children = (
				EA2FC5C823EF7AD600E258BD /* Preview Assets.xcassets */,
			);
			path = "Preview Content";
			sourceTree = "<group>";
		};
		EA2FC5D523EF7AD600E258BD /* meho-iosTests */ = {
			isa = PBXGroup;
			children = (
				EA2FC5D623EF7AD600E258BD /* meho_iosTests.swift */,
				EA2FC5D823EF7AD600E258BD /* Info.plist */,
			);
			path = "meho-iosTests";
			sourceTree = "<group>";
		};
		EA2FC5E023EF7AD600E258BD /* meho-iosUITests */ = {
			isa = PBXGroup;
			children = (
				EA2FC5E123EF7AD600E258BD /* meho_iosUITests.swift */,
				EA2FC5E323EF7AD600E258BD /* Info.plist */,
			);
			path = "meho-iosUITests";
			sourceTree = "<group>";
		};
		EA52FDA023EF7C77008EB37B /* Component */ = {
			isa = PBXGroup;
			children = (
				924C53E623FA1E0400B59D95 /* Auth */,
				EA52FDAD23EF8103008EB37B /* News */,
				EA52FDA623EF8079008EB37B /* Foundation */,
				EA52FDA523EF806D008EB37B /* Conversation */,
				EA52FDA423EF7FE5008EB37B /* Profile */,
				EA52FDA123EF7D20008EB37B /* Main */,
			);
			path = Component;
			sourceTree = "<group>";
		};
		EA52FDA123EF7D20008EB37B /* Main */ = {
			isa = PBXGroup;
			children = (
				EA52FDA223EF7D4D008EB37B /* MainViewController.swift */,
			);
			path = Main;
			sourceTree = "<group>";
		};
		EA52FDA423EF7FE5008EB37B /* Profile */ = {
			isa = PBXGroup;
			children = (
				EA52FDA723EF809D008EB37B /* ProfileViewController.swift */,
			);
			path = Profile;
			sourceTree = "<group>";
		};
		EA52FDA523EF806D008EB37B /* Conversation */ = {
			isa = PBXGroup;
			children = (
				EA52FDA923EF80DA008EB37B /* ConversationViewController.swift */,
				EA52FDB523EFE6B8008EB37B /* Category.swift */,
				EA52FDB723EFF416008EB37B /* CategoryCollectionViewCell.swift */,
				EAB7C4C723F10236003C8548 /* Dialog.swift */,
				EAB7C4C923F11193003C8548 /* ConversationDataFetcher.swift */,
				EAB7C4CF23F8C8E2003C8548 /* DialogCollectionViewCell.swift */,
				EA01E6AC23FBA62900C0B0AE /* Chapter.swift */,
				EA01E6AE23FBC25F00C0B0AE /* Difficulty.swift */,
				EA01E6B023FBD6F000C0B0AE /* DifficultyViewController.swift */,
				EA5448B82414B5B400C07D0A /* ConversationHeaderCollectionReusableView.swift */,
				EA5448BA2415D93400C07D0A /* SeeMoreFooterCollectionResuableView.swift */,
				EA5448BC2423324F00C07D0A /* DialogStreamViewController.swift */,
				EA5448BE2425EBA900C07D0A /* DialogStreamHeaderCollectionReusableView.swift */,
			);
			path = Conversation;
			sourceTree = "<group>";
		};
		EA52FDA623EF8079008EB37B /* Foundation */ = {
			isa = PBXGroup;
			children = (
				EA52FDAB23EF80E9008EB37B /* FoundationViewController.swift */,
				92183A5F23F0D39B00428F66 /* FoundationFeatureCollectionViewCell.swift */,
				92DEE30E23F8FF60004D91D7 /* Feature.swift */,
			);
			path = Foundation;
			sourceTree = "<group>";
		};
		EA52FDAD23EF8103008EB37B /* News */ = {
			isa = PBXGroup;
			children = (
				EA52FDAE23EF8116008EB37B /* NewsViewController.swift */,
			);
			path = News;
			sourceTree = "<group>";
		};
		EA52FDB423EFAA5A008EB37B /* Library */ = {
			isa = PBXGroup;
			children = (
				EA01E6A623FA19E000C0B0AE /* Extension */,
				EAB7C4CC23F12056003C8548 /* UI */,
			);
			path = Library;
			sourceTree = "<group>";
		};
		EA7B730B23F0DBB10031093B /* AllResources */ = {
			isa = PBXGroup;
			children = (
				EA01E6A923FA351700C0B0AE /* Strings */,
				EA7B730C23F0DBC40031093B /* Images */,
			);
			path = AllResources;
			sourceTree = "<group>";
		};
		EA7B730C23F0DBC40031093B /* Images */ = {
			isa = PBXGroup;
			children = (
				EA7B730D23F0DBDA0031093B /* Images.xcassets */,
			);
			path = Images;
			sourceTree = "<group>";
		};
		EAB7C4CC23F12056003C8548 /* UI */ = {
			isa = PBXGroup;
			children = (
				EAB7C4CD23F12080003C8548 /* WebImageView.swift */,
				EA01E6B224020CBF00C0B0AE /* DialogViewController.swift */,
			);
			path = UI;
			sourceTree = "<group>";
		};
/* End PBXGroup section */

/* Begin PBXNativeTarget section */
		EA2FC5BB23EF7AD400E258BD /* meho-ios */ = {
			isa = PBXNativeTarget;
			buildConfigurationList = EA2FC5E623EF7AD600E258BD /* Build configuration list for PBXNativeTarget "meho-ios" */;
			buildPhases = (
				9F40990C078927CE046FF7F3 /* [CP] Check Pods Manifest.lock */,
				EA2FC5B823EF7AD400E258BD /* Sources */,
				EA2FC5B923EF7AD400E258BD /* Frameworks */,
				EA2FC5BA23EF7AD400E258BD /* Resources */,
				AAC25F9AFC9F67E2AEDAFA5D /* [CP] Embed Pods Frameworks */,
				DE17608541922AF4596C9677 /* [CP] Copy Pods Resources */,
			);
			buildRules = (
			);
			dependencies = (
			);
			name = "meho-ios";
			productName = "meho-ios";
			productReference = EA2FC5BC23EF7AD400E258BD /* meho-ios.app */;
			productType = "com.apple.product-type.application";
		};
		EA2FC5D123EF7AD600E258BD /* meho-iosTests */ = {
			isa = PBXNativeTarget;
			buildConfigurationList = EA2FC5E923EF7AD600E258BD /* Build configuration list for PBXNativeTarget "meho-iosTests" */;
			buildPhases = (
				FD3FD9B77C5430A3086E739D /* [CP] Check Pods Manifest.lock */,
				EA2FC5CE23EF7AD600E258BD /* Sources */,
				EA2FC5CF23EF7AD600E258BD /* Frameworks */,
				EA2FC5D023EF7AD600E258BD /* Resources */,
			);
			buildRules = (
			);
			dependencies = (
				EA2FC5D423EF7AD600E258BD /* PBXTargetDependency */,
			);
			name = "meho-iosTests";
			productName = "meho-iosTests";
			productReference = EA2FC5D223EF7AD600E258BD /* meho-iosTests.xctest */;
			productType = "com.apple.product-type.bundle.unit-test";
		};
		EA2FC5DC23EF7AD600E258BD /* meho-iosUITests */ = {
			isa = PBXNativeTarget;
			buildConfigurationList = EA2FC5EC23EF7AD600E258BD /* Build configuration list for PBXNativeTarget "meho-iosUITests" */;
			buildPhases = (
				C720D3033F746915C298ACBD /* [CP] Check Pods Manifest.lock */,
				EA2FC5D923EF7AD600E258BD /* Sources */,
				EA2FC5DA23EF7AD600E258BD /* Frameworks */,
				EA2FC5DB23EF7AD600E258BD /* Resources */,
				0BA3B7C5939AECE8A46C04CA /* [CP] Embed Pods Frameworks */,
				E2BCF439E72758FF20487FCD /* [CP] Copy Pods Resources */,
			);
			buildRules = (
			);
			dependencies = (
				EA2FC5DF23EF7AD600E258BD /* PBXTargetDependency */,
			);
			name = "meho-iosUITests";
			productName = "meho-iosUITests";
			productReference = EA2FC5DD23EF7AD600E258BD /* meho-iosUITests.xctest */;
			productType = "com.apple.product-type.bundle.ui-testing";
		};
/* End PBXNativeTarget section */

/* Begin PBXProject section */
		EA2FC5B423EF7AD400E258BD /* Project object */ = {
			isa = PBXProject;
			attributes = {
				LastSwiftUpdateCheck = 1130;
				LastUpgradeCheck = 1130;
				ORGANIZATIONNAME = Meho;
				TargetAttributes = {
					EA2FC5BB23EF7AD400E258BD = {
						CreatedOnToolsVersion = 11.3.1;
					};
					EA2FC5D123EF7AD600E258BD = {
						CreatedOnToolsVersion = 11.3.1;
						TestTargetID = EA2FC5BB23EF7AD400E258BD;
					};
					EA2FC5DC23EF7AD600E258BD = {
						CreatedOnToolsVersion = 11.3.1;
						TestTargetID = EA2FC5BB23EF7AD400E258BD;
					};
				};
			};
			buildConfigurationList = EA2FC5B723EF7AD400E258BD /* Build configuration list for PBXProject "meho-ios" */;
			compatibilityVersion = "Xcode 9.3";
			developmentRegion = en;
			hasScannedForEncodings = 0;
			knownRegions = (
				en,
				Base,
			);
			mainGroup = EA2FC5B323EF7AD400E258BD;
			productRefGroup = EA2FC5BD23EF7AD400E258BD /* Products */;
			projectDirPath = "";
			projectRoot = "";
			targets = (
				EA2FC5BB23EF7AD400E258BD /* meho-ios */,
				EA2FC5D123EF7AD600E258BD /* meho-iosTests */,
				EA2FC5DC23EF7AD600E258BD /* meho-iosUITests */,
			);
		};
/* End PBXProject section */

/* Begin PBXResourcesBuildPhase section */
		EA2FC5BA23EF7AD400E258BD /* Resources */ = {
			isa = PBXResourcesBuildPhase;
			buildActionMask = 2147483647;
			files = (
				EA2FC5CC23EF7AD600E258BD /* LaunchScreen.storyboard in Resources */,
				EA7B730E23F0DBDA0031093B /* Images.xcassets in Resources */,
				924C53E523FA14C300B59D95 /* awsconfiguration.json in Resources */,
				924C53E323FA14B300B59D95 /* amplifyconfiguration.json in Resources */,
				EA01E6AB23FA356900C0B0AE /* Localizable.strings in Resources */,
				EA2FC5C923EF7AD600E258BD /* Preview Assets.xcassets in Resources */,
				EA2FC5C623EF7AD600E258BD /* Assets.xcassets in Resources */,
			);
			runOnlyForDeploymentPostprocessing = 0;
		};
		EA2FC5D023EF7AD600E258BD /* Resources */ = {
			isa = PBXResourcesBuildPhase;
			buildActionMask = 2147483647;
			files = (
			);
			runOnlyForDeploymentPostprocessing = 0;
		};
		EA2FC5DB23EF7AD600E258BD /* Resources */ = {
			isa = PBXResourcesBuildPhase;
			buildActionMask = 2147483647;
			files = (
			);
			runOnlyForDeploymentPostprocessing = 0;
		};
/* End PBXResourcesBuildPhase section */

/* Begin PBXShellScriptBuildPhase section */
		0BA3B7C5939AECE8A46C04CA /* [CP] Embed Pods Frameworks */ = {
			isa = PBXShellScriptBuildPhase;
			buildActionMask = 2147483647;
			files = (
			);
			inputFileListPaths = (
				"${PODS_ROOT}/Target Support Files/Pods-meho-ios-meho-iosUITests/Pods-meho-ios-meho-iosUITests-frameworks-${CONFIGURATION}-input-files.xcfilelist",
			);
			name = "[CP] Embed Pods Frameworks";
			outputFileListPaths = (
				"${PODS_ROOT}/Target Support Files/Pods-meho-ios-meho-iosUITests/Pods-meho-ios-meho-iosUITests-frameworks-${CONFIGURATION}-output-files.xcfilelist",
			);
			runOnlyForDeploymentPostprocessing = 0;
			shellPath = /bin/sh;
			shellScript = "\"${PODS_ROOT}/Target Support Files/Pods-meho-ios-meho-iosUITests/Pods-meho-ios-meho-iosUITests-frameworks.sh\"\n";
			showEnvVarsInLog = 0;
		};
		9F40990C078927CE046FF7F3 /* [CP] Check Pods Manifest.lock */ = {
			isa = PBXShellScriptBuildPhase;
			buildActionMask = 2147483647;
			files = (
			);
			inputFileListPaths = (
			);
			inputPaths = (
				"${PODS_PODFILE_DIR_PATH}/Podfile.lock",
				"${PODS_ROOT}/Manifest.lock",
			);
			name = "[CP] Check Pods Manifest.lock";
			outputFileListPaths = (
			);
			outputPaths = (
				"$(DERIVED_FILE_DIR)/Pods-meho-ios-checkManifestLockResult.txt",
			);
			runOnlyForDeploymentPostprocessing = 0;
			shellPath = /bin/sh;
			shellScript = "diff \"${PODS_PODFILE_DIR_PATH}/Podfile.lock\" \"${PODS_ROOT}/Manifest.lock\" > /dev/null\nif [ $? != 0 ] ; then\n    # print error to STDERR\n    echo \"error: The sandbox is not in sync with the Podfile.lock. Run 'pod install' or update your CocoaPods installation.\" >&2\n    exit 1\nfi\n# This output is used by Xcode 'outputs' to avoid re-running this script phase.\necho \"SUCCESS\" > \"${SCRIPT_OUTPUT_FILE_0}\"\n";
			showEnvVarsInLog = 0;
		};
		AAC25F9AFC9F67E2AEDAFA5D /* [CP] Embed Pods Frameworks */ = {
			isa = PBXShellScriptBuildPhase;
			buildActionMask = 2147483647;
			files = (
			);
			inputFileListPaths = (
				"${PODS_ROOT}/Target Support Files/Pods-meho-ios/Pods-meho-ios-frameworks-${CONFIGURATION}-input-files.xcfilelist",
			);
			name = "[CP] Embed Pods Frameworks";
			outputFileListPaths = (
				"${PODS_ROOT}/Target Support Files/Pods-meho-ios/Pods-meho-ios-frameworks-${CONFIGURATION}-output-files.xcfilelist",
			);
			runOnlyForDeploymentPostprocessing = 0;
			shellPath = /bin/sh;
			shellScript = "\"${PODS_ROOT}/Target Support Files/Pods-meho-ios/Pods-meho-ios-frameworks.sh\"\n";
			showEnvVarsInLog = 0;
		};
		C720D3033F746915C298ACBD /* [CP] Check Pods Manifest.lock */ = {
			isa = PBXShellScriptBuildPhase;
			buildActionMask = 2147483647;
			files = (
			);
			inputFileListPaths = (
			);
			inputPaths = (
				"${PODS_PODFILE_DIR_PATH}/Podfile.lock",
				"${PODS_ROOT}/Manifest.lock",
			);
			name = "[CP] Check Pods Manifest.lock";
			outputFileListPaths = (
			);
			outputPaths = (
				"$(DERIVED_FILE_DIR)/Pods-meho-ios-meho-iosUITests-checkManifestLockResult.txt",
			);
			runOnlyForDeploymentPostprocessing = 0;
			shellPath = /bin/sh;
			shellScript = "diff \"${PODS_PODFILE_DIR_PATH}/Podfile.lock\" \"${PODS_ROOT}/Manifest.lock\" > /dev/null\nif [ $? != 0 ] ; then\n    # print error to STDERR\n    echo \"error: The sandbox is not in sync with the Podfile.lock. Run 'pod install' or update your CocoaPods installation.\" >&2\n    exit 1\nfi\n# This output is used by Xcode 'outputs' to avoid re-running this script phase.\necho \"SUCCESS\" > \"${SCRIPT_OUTPUT_FILE_0}\"\n";
			showEnvVarsInLog = 0;
		};
		DE17608541922AF4596C9677 /* [CP] Copy Pods Resources */ = {
			isa = PBXShellScriptBuildPhase;
			buildActionMask = 2147483647;
			files = (
			);
			inputFileListPaths = (
				"${PODS_ROOT}/Target Support Files/Pods-meho-ios/Pods-meho-ios-resources-${CONFIGURATION}-input-files.xcfilelist",
			);
			name = "[CP] Copy Pods Resources";
			outputFileListPaths = (
				"${PODS_ROOT}/Target Support Files/Pods-meho-ios/Pods-meho-ios-resources-${CONFIGURATION}-output-files.xcfilelist",
			);
			runOnlyForDeploymentPostprocessing = 0;
			shellPath = /bin/sh;
			shellScript = "\"${PODS_ROOT}/Target Support Files/Pods-meho-ios/Pods-meho-ios-resources.sh\"\n";
			showEnvVarsInLog = 0;
		};
		E2BCF439E72758FF20487FCD /* [CP] Copy Pods Resources */ = {
			isa = PBXShellScriptBuildPhase;
			buildActionMask = 2147483647;
			files = (
			);
			inputFileListPaths = (
				"${PODS_ROOT}/Target Support Files/Pods-meho-ios-meho-iosUITests/Pods-meho-ios-meho-iosUITests-resources-${CONFIGURATION}-input-files.xcfilelist",
			);
			name = "[CP] Copy Pods Resources";
			outputFileListPaths = (
				"${PODS_ROOT}/Target Support Files/Pods-meho-ios-meho-iosUITests/Pods-meho-ios-meho-iosUITests-resources-${CONFIGURATION}-output-files.xcfilelist",
			);
			runOnlyForDeploymentPostprocessing = 0;
			shellPath = /bin/sh;
			shellScript = "\"${PODS_ROOT}/Target Support Files/Pods-meho-ios-meho-iosUITests/Pods-meho-ios-meho-iosUITests-resources.sh\"\n";
			showEnvVarsInLog = 0;
		};
		FD3FD9B77C5430A3086E739D /* [CP] Check Pods Manifest.lock */ = {
			isa = PBXShellScriptBuildPhase;
			buildActionMask = 2147483647;
			files = (
			);
			inputFileListPaths = (
			);
			inputPaths = (
				"${PODS_PODFILE_DIR_PATH}/Podfile.lock",
				"${PODS_ROOT}/Manifest.lock",
			);
			name = "[CP] Check Pods Manifest.lock";
			outputFileListPaths = (
			);
			outputPaths = (
				"$(DERIVED_FILE_DIR)/Pods-meho-iosTests-checkManifestLockResult.txt",
			);
			runOnlyForDeploymentPostprocessing = 0;
			shellPath = /bin/sh;
			shellScript = "diff \"${PODS_PODFILE_DIR_PATH}/Podfile.lock\" \"${PODS_ROOT}/Manifest.lock\" > /dev/null\nif [ $? != 0 ] ; then\n    # print error to STDERR\n    echo \"error: The sandbox is not in sync with the Podfile.lock. Run 'pod install' or update your CocoaPods installation.\" >&2\n    exit 1\nfi\n# This output is used by Xcode 'outputs' to avoid re-running this script phase.\necho \"SUCCESS\" > \"${SCRIPT_OUTPUT_FILE_0}\"\n";
			showEnvVarsInLog = 0;
		};
/* End PBXShellScriptBuildPhase section */

/* Begin PBXSourcesBuildPhase section */
		EA2FC5B823EF7AD400E258BD /* Sources */ = {
			isa = PBXSourcesBuildPhase;
			buildActionMask = 2147483647;
			files = (
				EA01E6A823FA1A3600C0B0AE /* UIColorExtentsion.swift in Sources */,
				EA52FDA323EF7D4D008EB37B /* MainViewController.swift in Sources */,
				EAB7C4CE23F12080003C8548 /* WebImageView.swift in Sources */,
				EA01E6AD23FBA62900C0B0AE /* Chapter.swift in Sources */,
				EAB7C4CA23F11193003C8548 /* ConversationDataFetcher.swift in Sources */,
				EA5448BF2425EBA900C07D0A /* DialogStreamHeaderCollectionReusableView.swift in Sources */,
				EAB7C4C823F10236003C8548 /* Dialog.swift in Sources */,
				EA52FDAC23EF80E9008EB37B /* FoundationViewController.swift in Sources */,
				EA2FC5C023EF7AD400E258BD /* AppDelegate.swift in Sources */,
				EA52FDAF23EF8116008EB37B /* NewsViewController.swift in Sources */,
				92183A6023F0D39B00428F66 /* FoundationFeatureCollectionViewCell.swift in Sources */,
				92DEE30F23F8FF60004D91D7 /* Feature.swift in Sources */,
				EA5448B92414B5B400C07D0A /* ConversationHeaderCollectionReusableView.swift in Sources */,
				EA01E6B123FBD6F000C0B0AE /* DifficultyViewController.swift in Sources */,
				EA52FDB823EFF416008EB37B /* CategoryCollectionViewCell.swift in Sources */,
				EA52FDAA23EF80DA008EB37B /* ConversationViewController.swift in Sources */,
				EA52FDA823EF809D008EB37B /* ProfileViewController.swift in Sources */,
				924C53E823FA1E2600B59D95 /* SignInViewController.swift in Sources */,
				EA2FC5C223EF7AD400E258BD /* SceneDelegate.swift in Sources */,
				EA01E6AF23FBC25F00C0B0AE /* Difficulty.swift in Sources */,
				EA52FDB623EFE6B8008EB37B /* Category.swift in Sources */,
				EA5448BD2423324F00C07D0A /* DialogStreamViewController.swift in Sources */,
				EAB7C4D023F8C8E2003C8548 /* DialogCollectionViewCell.swift in Sources */,
				EA01E6B324020CBF00C0B0AE /* DialogViewController.swift in Sources */,
				EA5448BB2415D93500C07D0A /* SeeMoreFooterCollectionResuableView.swift in Sources */,
			);
			runOnlyForDeploymentPostprocessing = 0;
		};
		EA2FC5CE23EF7AD600E258BD /* Sources */ = {
			isa = PBXSourcesBuildPhase;
			buildActionMask = 2147483647;
			files = (
				EA2FC5D723EF7AD600E258BD /* meho_iosTests.swift in Sources */,
			);
			runOnlyForDeploymentPostprocessing = 0;
		};
		EA2FC5D923EF7AD600E258BD /* Sources */ = {
			isa = PBXSourcesBuildPhase;
			buildActionMask = 2147483647;
			files = (
				EA2FC5E223EF7AD600E258BD /* meho_iosUITests.swift in Sources */,
			);
			runOnlyForDeploymentPostprocessing = 0;
		};
/* End PBXSourcesBuildPhase section */

/* Begin PBXTargetDependency section */
		EA2FC5D423EF7AD600E258BD /* PBXTargetDependency */ = {
			isa = PBXTargetDependency;
			target = EA2FC5BB23EF7AD400E258BD /* meho-ios */;
			targetProxy = EA2FC5D323EF7AD600E258BD /* PBXContainerItemProxy */;
		};
		EA2FC5DF23EF7AD600E258BD /* PBXTargetDependency */ = {
			isa = PBXTargetDependency;
			target = EA2FC5BB23EF7AD400E258BD /* meho-ios */;
			targetProxy = EA2FC5DE23EF7AD600E258BD /* PBXContainerItemProxy */;
		};
/* End PBXTargetDependency section */

/* Begin PBXVariantGroup section */
		EA2FC5CA23EF7AD600E258BD /* LaunchScreen.storyboard */ = {
			isa = PBXVariantGroup;
			children = (
				EA2FC5CB23EF7AD600E258BD /* Base */,
			);
			name = LaunchScreen.storyboard;
			sourceTree = "<group>";
		};
/* End PBXVariantGroup section */

/* Begin XCBuildConfiguration section */
		EA2FC5E423EF7AD600E258BD /* Debug */ = {
			isa = XCBuildConfiguration;
			buildSettings = {
				ALWAYS_SEARCH_USER_PATHS = NO;
				CLANG_ANALYZER_NONNULL = YES;
				CLANG_ANALYZER_NUMBER_OBJECT_CONVERSION = YES_AGGRESSIVE;
				CLANG_CXX_LANGUAGE_STANDARD = "gnu++14";
				CLANG_CXX_LIBRARY = "libc++";
				CLANG_ENABLE_MODULES = YES;
				CLANG_ENABLE_OBJC_ARC = YES;
				CLANG_ENABLE_OBJC_WEAK = YES;
				CLANG_WARN_BLOCK_CAPTURE_AUTORELEASING = YES;
				CLANG_WARN_BOOL_CONVERSION = YES;
				CLANG_WARN_COMMA = YES;
				CLANG_WARN_CONSTANT_CONVERSION = YES;
				CLANG_WARN_DEPRECATED_OBJC_IMPLEMENTATIONS = YES;
				CLANG_WARN_DIRECT_OBJC_ISA_USAGE = YES_ERROR;
				CLANG_WARN_DOCUMENTATION_COMMENTS = YES;
				CLANG_WARN_EMPTY_BODY = YES;
				CLANG_WARN_ENUM_CONVERSION = YES;
				CLANG_WARN_INFINITE_RECURSION = YES;
				CLANG_WARN_INT_CONVERSION = YES;
				CLANG_WARN_NON_LITERAL_NULL_CONVERSION = YES;
				CLANG_WARN_OBJC_IMPLICIT_RETAIN_SELF = YES;
				CLANG_WARN_OBJC_LITERAL_CONVERSION = YES;
				CLANG_WARN_OBJC_ROOT_CLASS = YES_ERROR;
				CLANG_WARN_RANGE_LOOP_ANALYSIS = YES;
				CLANG_WARN_STRICT_PROTOTYPES = YES;
				CLANG_WARN_SUSPICIOUS_MOVE = YES;
				CLANG_WARN_UNGUARDED_AVAILABILITY = YES_AGGRESSIVE;
				CLANG_WARN_UNREACHABLE_CODE = YES;
				CLANG_WARN__DUPLICATE_METHOD_MATCH = YES;
				COPY_PHASE_STRIP = NO;
				DEBUG_INFORMATION_FORMAT = dwarf;
				ENABLE_STRICT_OBJC_MSGSEND = YES;
				ENABLE_TESTABILITY = YES;
				GCC_C_LANGUAGE_STANDARD = gnu11;
				GCC_DYNAMIC_NO_PIC = NO;
				GCC_NO_COMMON_BLOCKS = YES;
				GCC_OPTIMIZATION_LEVEL = 0;
				GCC_PREPROCESSOR_DEFINITIONS = (
					"DEBUG=1",
					"$(inherited)",
				);
				GCC_WARN_64_TO_32_BIT_CONVERSION = YES;
				GCC_WARN_ABOUT_RETURN_TYPE = YES_ERROR;
				GCC_WARN_UNDECLARED_SELECTOR = YES;
				GCC_WARN_UNINITIALIZED_AUTOS = YES_AGGRESSIVE;
				GCC_WARN_UNUSED_FUNCTION = YES;
				GCC_WARN_UNUSED_VARIABLE = YES;
				IPHONEOS_DEPLOYMENT_TARGET = 13.2;
				MTL_ENABLE_DEBUG_INFO = INCLUDE_SOURCE;
				MTL_FAST_MATH = YES;
				ONLY_ACTIVE_ARCH = YES;
				SDKROOT = iphoneos;
				SWIFT_ACTIVE_COMPILATION_CONDITIONS = DEBUG;
				SWIFT_OPTIMIZATION_LEVEL = "-Onone";
			};
			name = Debug;
		};
		EA2FC5E523EF7AD600E258BD /* Release */ = {
			isa = XCBuildConfiguration;
			buildSettings = {
				ALWAYS_SEARCH_USER_PATHS = NO;
				CLANG_ANALYZER_NONNULL = YES;
				CLANG_ANALYZER_NUMBER_OBJECT_CONVERSION = YES_AGGRESSIVE;
				CLANG_CXX_LANGUAGE_STANDARD = "gnu++14";
				CLANG_CXX_LIBRARY = "libc++";
				CLANG_ENABLE_MODULES = YES;
				CLANG_ENABLE_OBJC_ARC = YES;
				CLANG_ENABLE_OBJC_WEAK = YES;
				CLANG_WARN_BLOCK_CAPTURE_AUTORELEASING = YES;
				CLANG_WARN_BOOL_CONVERSION = YES;
				CLANG_WARN_COMMA = YES;
				CLANG_WARN_CONSTANT_CONVERSION = YES;
				CLANG_WARN_DEPRECATED_OBJC_IMPLEMENTATIONS = YES;
				CLANG_WARN_DIRECT_OBJC_ISA_USAGE = YES_ERROR;
				CLANG_WARN_DOCUMENTATION_COMMENTS = YES;
				CLANG_WARN_EMPTY_BODY = YES;
				CLANG_WARN_ENUM_CONVERSION = YES;
				CLANG_WARN_INFINITE_RECURSION = YES;
				CLANG_WARN_INT_CONVERSION = YES;
				CLANG_WARN_NON_LITERAL_NULL_CONVERSION = YES;
				CLANG_WARN_OBJC_IMPLICIT_RETAIN_SELF = YES;
				CLANG_WARN_OBJC_LITERAL_CONVERSION = YES;
				CLANG_WARN_OBJC_ROOT_CLASS = YES_ERROR;
				CLANG_WARN_RANGE_LOOP_ANALYSIS = YES;
				CLANG_WARN_STRICT_PROTOTYPES = YES;
				CLANG_WARN_SUSPICIOUS_MOVE = YES;
				CLANG_WARN_UNGUARDED_AVAILABILITY = YES_AGGRESSIVE;
				CLANG_WARN_UNREACHABLE_CODE = YES;
				CLANG_WARN__DUPLICATE_METHOD_MATCH = YES;
				COPY_PHASE_STRIP = NO;
				DEBUG_INFORMATION_FORMAT = "dwarf-with-dsym";
				ENABLE_NS_ASSERTIONS = NO;
				ENABLE_STRICT_OBJC_MSGSEND = YES;
				GCC_C_LANGUAGE_STANDARD = gnu11;
				GCC_NO_COMMON_BLOCKS = YES;
				GCC_WARN_64_TO_32_BIT_CONVERSION = YES;
				GCC_WARN_ABOUT_RETURN_TYPE = YES_ERROR;
				GCC_WARN_UNDECLARED_SELECTOR = YES;
				GCC_WARN_UNINITIALIZED_AUTOS = YES_AGGRESSIVE;
				GCC_WARN_UNUSED_FUNCTION = YES;
				GCC_WARN_UNUSED_VARIABLE = YES;
				IPHONEOS_DEPLOYMENT_TARGET = 13.2;
				MTL_ENABLE_DEBUG_INFO = NO;
				MTL_FAST_MATH = YES;
				SDKROOT = iphoneos;
				SWIFT_COMPILATION_MODE = wholemodule;
				SWIFT_OPTIMIZATION_LEVEL = "-O";
				VALIDATE_PRODUCT = YES;
			};
			name = Release;
		};
		EA2FC5E723EF7AD600E258BD /* Debug */ = {
			isa = XCBuildConfiguration;
			baseConfigurationReference = 23D21C92C96C3B02E8C84C73 /* Pods-meho-ios.debug.xcconfig */;
			buildSettings = {
				ASSETCATALOG_COMPILER_APPICON_NAME = AppIcon;
				CODE_SIGN_STYLE = Automatic;
				DEVELOPMENT_ASSET_PATHS = "\"meho-ios/Preview Content\"";
				ENABLE_PREVIEWS = YES;
				INFOPLIST_FILE = "meho-ios/Info.plist";
				LD_RUNPATH_SEARCH_PATHS = (
					"$(inherited)",
					"@executable_path/Frameworks",
				);
				PRODUCT_BUNDLE_IDENTIFIER = "Meho.meho-ios";
				PRODUCT_NAME = "$(TARGET_NAME)";
				SWIFT_VERSION = 5.0;
				TARGETED_DEVICE_FAMILY = "1,2";
			};
			name = Debug;
		};
		EA2FC5E823EF7AD600E258BD /* Release */ = {
			isa = XCBuildConfiguration;
			baseConfigurationReference = F716BB1255CF205B861C58F6 /* Pods-meho-ios.release.xcconfig */;
			buildSettings = {
				ASSETCATALOG_COMPILER_APPICON_NAME = AppIcon;
				CODE_SIGN_STYLE = Automatic;
				DEVELOPMENT_ASSET_PATHS = "\"meho-ios/Preview Content\"";
				ENABLE_PREVIEWS = YES;
				INFOPLIST_FILE = "meho-ios/Info.plist";
				LD_RUNPATH_SEARCH_PATHS = (
					"$(inherited)",
					"@executable_path/Frameworks",
				);
				PRODUCT_BUNDLE_IDENTIFIER = "Meho.meho-ios";
				PRODUCT_NAME = "$(TARGET_NAME)";
				SWIFT_VERSION = 5.0;
				TARGETED_DEVICE_FAMILY = "1,2";
			};
			name = Release;
		};
		EA2FC5EA23EF7AD600E258BD /* Debug */ = {
			isa = XCBuildConfiguration;
			baseConfigurationReference = E9F2A75345FA03483A401E0E /* Pods-meho-iosTests.debug.xcconfig */;
			buildSettings = {
				ALWAYS_EMBED_SWIFT_STANDARD_LIBRARIES = YES;
				BUNDLE_LOADER = "$(TEST_HOST)";
				CODE_SIGN_STYLE = Automatic;
				INFOPLIST_FILE = "meho-iosTests/Info.plist";
				IPHONEOS_DEPLOYMENT_TARGET = 13.2;
				LD_RUNPATH_SEARCH_PATHS = (
					"$(inherited)",
					"@executable_path/Frameworks",
					"@loader_path/Frameworks",
				);
				PRODUCT_BUNDLE_IDENTIFIER = "Meho.meho-iosTests";
				PRODUCT_NAME = "$(TARGET_NAME)";
				SWIFT_VERSION = 5.0;
				TARGETED_DEVICE_FAMILY = "1,2";
				TEST_HOST = "$(BUILT_PRODUCTS_DIR)/meho-ios.app/meho-ios";
			};
			name = Debug;
		};
		EA2FC5EB23EF7AD600E258BD /* Release */ = {
			isa = XCBuildConfiguration;
			baseConfigurationReference = 68E4FB07AC0350083CCFEA66 /* Pods-meho-iosTests.release.xcconfig */;
			buildSettings = {
				ALWAYS_EMBED_SWIFT_STANDARD_LIBRARIES = YES;
				BUNDLE_LOADER = "$(TEST_HOST)";
				CODE_SIGN_STYLE = Automatic;
				INFOPLIST_FILE = "meho-iosTests/Info.plist";
				IPHONEOS_DEPLOYMENT_TARGET = 13.2;
				LD_RUNPATH_SEARCH_PATHS = (
					"$(inherited)",
					"@executable_path/Frameworks",
					"@loader_path/Frameworks",
				);
				PRODUCT_BUNDLE_IDENTIFIER = "Meho.meho-iosTests";
				PRODUCT_NAME = "$(TARGET_NAME)";
				SWIFT_VERSION = 5.0;
				TARGETED_DEVICE_FAMILY = "1,2";
				TEST_HOST = "$(BUILT_PRODUCTS_DIR)/meho-ios.app/meho-ios";
			};
			name = Release;
		};
		EA2FC5ED23EF7AD600E258BD /* Debug */ = {
			isa = XCBuildConfiguration;
			baseConfigurationReference = 2F61D287284A0C384EE8E152 /* Pods-meho-ios-meho-iosUITests.debug.xcconfig */;
			buildSettings = {
				ALWAYS_EMBED_SWIFT_STANDARD_LIBRARIES = YES;
				CODE_SIGN_STYLE = Automatic;
				INFOPLIST_FILE = "meho-iosUITests/Info.plist";
				LD_RUNPATH_SEARCH_PATHS = (
					"$(inherited)",
					"@executable_path/Frameworks",
					"@loader_path/Frameworks",
				);
				PRODUCT_BUNDLE_IDENTIFIER = "Meho.meho-iosUITests";
				PRODUCT_NAME = "$(TARGET_NAME)";
				SWIFT_VERSION = 5.0;
				TARGETED_DEVICE_FAMILY = "1,2";
				TEST_TARGET_NAME = "meho-ios";
			};
			name = Debug;
		};
		EA2FC5EE23EF7AD600E258BD /* Release */ = {
			isa = XCBuildConfiguration;
			baseConfigurationReference = 2C4B88F481B22CC28E6FA7C0 /* Pods-meho-ios-meho-iosUITests.release.xcconfig */;
			buildSettings = {
				ALWAYS_EMBED_SWIFT_STANDARD_LIBRARIES = YES;
				CODE_SIGN_STYLE = Automatic;
				INFOPLIST_FILE = "meho-iosUITests/Info.plist";
				LD_RUNPATH_SEARCH_PATHS = (
					"$(inherited)",
					"@executable_path/Frameworks",
					"@loader_path/Frameworks",
				);
				PRODUCT_BUNDLE_IDENTIFIER = "Meho.meho-iosUITests";
				PRODUCT_NAME = "$(TARGET_NAME)";
				SWIFT_VERSION = 5.0;
				TARGETED_DEVICE_FAMILY = "1,2";
				TEST_TARGET_NAME = "meho-ios";
			};
			name = Release;
		};
/* End XCBuildConfiguration section */

/* Begin XCConfigurationList section */
		EA2FC5B723EF7AD400E258BD /* Build configuration list for PBXProject "meho-ios" */ = {
			isa = XCConfigurationList;
			buildConfigurations = (
				EA2FC5E423EF7AD600E258BD /* Debug */,
				EA2FC5E523EF7AD600E258BD /* Release */,
			);
			defaultConfigurationIsVisible = 0;
			defaultConfigurationName = Release;
		};
		EA2FC5E623EF7AD600E258BD /* Build configuration list for PBXNativeTarget "meho-ios" */ = {
			isa = XCConfigurationList;
			buildConfigurations = (
				EA2FC5E723EF7AD600E258BD /* Debug */,
				EA2FC5E823EF7AD600E258BD /* Release */,
			);
			defaultConfigurationIsVisible = 0;
			defaultConfigurationName = Release;
		};
		EA2FC5E923EF7AD600E258BD /* Build configuration list for PBXNativeTarget "meho-iosTests" */ = {
			isa = XCConfigurationList;
			buildConfigurations = (
				EA2FC5EA23EF7AD600E258BD /* Debug */,
				EA2FC5EB23EF7AD600E258BD /* Release */,
			);
			defaultConfigurationIsVisible = 0;
			defaultConfigurationName = Release;
		};
		EA2FC5EC23EF7AD600E258BD /* Build configuration list for PBXNativeTarget "meho-iosUITests" */ = {
			isa = XCConfigurationList;
			buildConfigurations = (
				EA2FC5ED23EF7AD600E258BD /* Debug */,
				EA2FC5EE23EF7AD600E258BD /* Release */,
			);
			defaultConfigurationIsVisible = 0;
			defaultConfigurationName = Release;
		};
/* End XCConfigurationList section */
	};
	rootObject = EA2FC5B423EF7AD400E258BD /* Project object */;
}
